
Microsoft Visual Studio Solution File, Format Version 12.00
# Visual Studio Version 17
VisualStudioVersion = 17.11.35222.181
MinimumVisualStudioVersion = 10.0.40219.1
Project("{FAE04EC0-301F-11D3-BF4B-00C04F79EFBC}") = "FacturacionTarea1", "FacturacionTarea1.csproj", "{D46FAFB5-5DFC-46B1-A73F-8EDEC036000C}"
EndProject
Global
	GlobalSection(SolutionConfigurationPlatforms) = preSolution
		Debug|Any CPU = Debug|Any CPU
		Release|Any CPU = Release|Any CPU
	EndGlobalSection
	GlobalSection(ProjectConfigurationPlatforms) = postSolution
		{D46FAFB5-5DFC-46B1-A73F-8EDEC036000C}.Debug|Any CPU.ActiveCfg = Debug|Any CPU
		{D46FAFB5-5DFC-46B1-A73F-8EDEC036000C}.Debug|Any CPU.Build.0 = Debug|Any CPU
		{D46FAFB5-5DFC-46B1-A73F-8EDEC036000C}.Release|Any CPU.ActiveCfg = Release|Any CPU
		{D46FAFB5-5DFC-46B1-A73F-8EDEC036000C}.Release|Any CPU.Build.0 = Release|Any CPU
	EndGlobalSection
	GlobalSection(SolutionProperties) = preSolution
		HideSolutionNode = FALSE
	EndGlobalSection
	GlobalSection(ExtensibilityGlobals) = postSolution
		SolutionGuid = {2866FAD8-199B-42CB-AE51-481D47DDCD92}
	EndGlobalSection
EndGlobal
